{
  "requires": true,
  "lockfileVersion": 1,
  "dependencies": {
    "async": {
      "version": "2.6.0",
      "resolved": "https://registry.npmjs.org/async/-/async-2.6.0.tgz",
      "integrity": "sha512-xAfGg1/NTLBBKlHFmnd7PlmUW9KhVQIUuSrYem9xzFUZy13ScvtyGGejaae9iAVRiRq9+Cx7DPFaAAhCpyxyPw==",
      "requires": {
        "lodash": "4.17.4"
      }
    },
    "component-type": {
      "version": "1.1.0",
      "resolved": "https://registry.npmjs.org/component-type/-/component-type-1.1.0.tgz",
      "integrity": "sha1-lbZmqtU+XI0fK+E1xFtdSZGXwMU="
    },
    "debug": {
      "version": "2.3.3",
      "resolved": "https://registry.npmjs.org/debug/-/debug-2.3.3.tgz",
      "integrity": "sha1-QMRT5n5uE8kB3ewxeviYbNqe/4w=",
      "requires": {
        "ms": "0.7.2"
      }
    },
    "dot-component": {
      "version": "0.1.1",
      "resolved": "https://registry.npmjs.org/dot-component/-/dot-component-0.1.1.tgz",
      "integrity": "sha1-2CCM5rOhMvKifw3JQ1WX7m+nt6o=",
      "requires": {
        "type-component": "0.0.1"
      }
    },
    "everlive-sdk": {
      "version": "1.9.4",
      "resolved": "https://registry.npmjs.org/everlive-sdk/-/everlive-sdk-1.9.4.tgz",
      "integrity": "sha1-+iqPoVxNmarJ3sSglzujI+eEvwk=",
      "requires": {
        "async": "2.6.0",
        "debug": "2.3.3",
        "json-sql": "github:telerik/json-sql#c9f3e480f5796cbc2578fb470ec21b8cb55e4219",
        "json-stable-stringify": "1.0.0",
        "jstimezonedetect": "1.0.5",
        "mingo": "github:telerik/mingo#02db1e7a7fa538d7d54e0f6e60d49a7c460b42f5",
        "mongo-query": "0.5.7",
        "node-cryptojs-aes": "0.4.0",
        "node-localstorage": "0.5.1",
        "reqwest": "2.0.5",
        "underscore": "1.8.2"
      }
    },
    "json-sql": {
      "version": "github:telerik/json-sql#c9f3e480f5796cbc2578fb470ec21b8cb55e4219",
      "requires": {
        "underscore": "1.8.2"
      }
    },
    "json-stable-stringify": {
      "version": "1.0.0",
      "resolved": "https://registry.npmjs.org/json-stable-stringify/-/json-stable-stringify-1.0.0.tgz",
      "integrity": "sha1-XiaFnPSZaM+kmVM0E0Q1eO4E0lE=",
      "requires": {
        "jsonify": "0.0.0"
      }
    },
    "jsonify": {
      "version": "0.0.0",
      "resolved": "https://registry.npmjs.org/jsonify/-/jsonify-0.0.0.tgz",
      "integrity": "sha1-LHS27kHZPKUbe1qu6PUDYx0lKnM="
    },
    "jstimezonedetect": {
      "version": "1.0.5",
      "resolved": "https://registry.npmjs.org/jstimezonedetect/-/jstimezonedetect-1.0.5.tgz",
      "integrity": "sha1-k9A1zSDox9ZOsTdc9ap6EKAkRmo="
    },
    "lodash": {
      "version": "4.17.4",
      "resolved": "https://registry.npmjs.org/lodash/-/lodash-4.17.4.tgz",
      "integrity": "sha1-eCA6TRwyiuHYbcpkYONptX9AVa4="
    },
    "mingo": {
      "version": "github:telerik/mingo#02db1e7a7fa538d7d54e0f6e60d49a7c460b42f5",
      "requires": {
        "underscore": "1.8.2"
      }
    },
    "mongo-eql": {
      "version": "1.0.0",
      "resolved": "https://registry.npmjs.org/mongo-eql/-/mongo-eql-1.0.0.tgz",
      "integrity": "sha1-+qFiRE8itQZMY5j3Nna37dXEOCQ=",
      "requires": {
        "component-type": "1.1.0",
        "debug": "2.3.3"
      }
    },
    "mongo-query": {
      "version": "0.5.7",
      "resolved": "https://registry.npmjs.org/mongo-query/-/mongo-query-0.5.7.tgz",
      "integrity": "sha1-rM9tKkzalZrce/tH+Sl3YPcnWZc=",
      "requires": {
        "component-type": "1.1.0",
        "debug": "2.3.3",
        "dot-component": "0.1.1",
        "mongo-eql": "1.0.0",
        "object-component": "0.0.3"
      }
    },
    "ms": {
      "version": "0.7.2",
      "resolved": "https://registry.npmjs.org/ms/-/ms-0.7.2.tgz",
      "integrity": "sha1-riXPJRKziFodldfwN4aNhDESR2U="
    },
    "node-cryptojs-aes": {
      "version": "0.4.0",
      "resolved": "https://registry.npmjs.org/node-cryptojs-aes/-/node-cryptojs-aes-0.4.0.tgz",
      "integrity": "sha1-ZM+6gMH7yfrDR8jrLCwSrb06igc="
    },
    "node-localstorage": {
      "version": "0.5.1",
      "resolved": "https://registry.npmjs.org/node-localstorage/-/node-localstorage-0.5.1.tgz",
      "integrity": "sha1-XOtBrejkrFEq5q16PZyvYr1YBRo="
    },
    "object-component": {
      "version": "0.0.3",
      "resolved": "https://registry.npmjs.org/object-component/-/object-component-0.0.3.tgz",
      "integrity": "sha1-8MaapQ78lbhmwYb0AKM3acsvEpE="
    },
    "reqwest": {
      "version": "2.0.5",
      "resolved": "https://registry.npmjs.org/reqwest/-/reqwest-2.0.5.tgz",
      "integrity": "sha1-APsVrEkYxBnKgrQ/JMeIguZgOaE="
    },
    "type-component": {
      "version": "0.0.1",
      "resolved": "https://registry.npmjs.org/type-component/-/type-component-0.0.1.tgz",
      "integrity": "sha1-lSpsgcIe/STRPYEdDISYy4YOGVY="
    },
    "underscore": {
      "version": "1.8.2",
      "resolved": "https://registry.npmjs.org/underscore/-/underscore-1.8.2.tgz",
      "integrity": "sha1-ZN8utZCJnelQeC83NRkLpC6/MR0="
    }
  }
}
